// !$*UTF8*$!
{
	archiveVersion = 1;
	classes = {
	};
	objectVersion = 50;
	objects = {

/* Begin PBXBuildFile section */
		6A613E592664C8D8006EF75B /* main.cpp in Sources */ = {isa = PBXBuildFile; fileRef = 6A613E582664C8D8006EF75B /* main.cpp */; };
		6A613E612664C938006EF75B /* Data.cpp in Sources */ = {isa = PBXBuildFile; fileRef = 6A613E5F2664C938006EF75B /* Data.cpp */; };
		6A613E642664DC6D006EF75B /* Person.cpp in Sources */ = {isa = PBXBuildFile; fileRef = 6A613E622664DC6D006EF75B /* Person.cpp */; };
		6A613E672665BDEF006EF75B /* Student.cpp in Sources */ = {isa = PBXBuildFile; fileRef = 6A613E652665BDEF006EF75B /* Student.cpp */; };
		6A613E6F2665CEAD006EF75B /* main.cpp in Sources */ = {isa = PBXBuildFile; fileRef = 6A613E6E2665CEAD006EF75B /* main.cpp */; };
/* End PBXBuildFile section */

/* Begin PBXCopyFilesBuildPhase section */
		6A613E532664C8D8006EF75B /* CopyFiles */ = {
			isa = PBXCopyFilesBuildPhase;
			buildActionMask = 2147483647;
			dstPath = /usr/share/man/man1/;
			dstSubfolderSpec = 0;
			files = (
			);
			runOnlyForDeploymentPostprocessing = 1;
		};
		6A613E6A2665CEAD006EF75B /* CopyFiles */ = {
			isa = PBXCopyFilesBuildPhase;
			buildActionMask = 2147483647;
			dstPath = /usr/share/man/man1/;
			dstSubfolderSpec = 0;
			files = (
			);
			runOnlyForDeploymentPostprocessing = 1;
		};
/* End PBXCopyFilesBuildPhase section */

/* Begin PBXFileReference section */
		6A613E552664C8D8006EF75B /* day_04 */ = {isa = PBXFileReference; explicitFileType = "compiled.mach-o.executable"; includeInIndex = 0; path = day_04; sourceTree = BUILT_PRODUCTS_DIR; };
		6A613E582664C8D8006EF75B /* main.cpp */ = {isa = PBXFileReference; lastKnownFileType = sourcecode.cpp.cpp; path = main.cpp; sourceTree = "<group>"; };
		6A613E5F2664C938006EF75B /* Data.cpp */ = {isa = PBXFileReference; lastKnownFileType = sourcecode.cpp.cpp; path = Data.cpp; sourceTree = "<group>"; };
		6A613E602664C938006EF75B /* Data.hpp */ = {isa = PBXFileReference; lastKnownFileType = sourcecode.cpp.h; path = Data.hpp; sourceTree = "<group>"; };
		6A613E622664DC6D006EF75B /* Person.cpp */ = {isa = PBXFileReference; lastKnownFileType = sourcecode.cpp.cpp; path = Person.cpp; sourceTree = "<group>"; };
		6A613E632664DC6D006EF75B /* Person.hpp */ = {isa = PBXFileReference; lastKnownFileType = sourcecode.cpp.h; path = Person.hpp; sourceTree = "<group>"; };
		6A613E652665BDEF006EF75B /* Student.cpp */ = {isa = PBXFileReference; lastKnownFileType = sourcecode.cpp.cpp; path = Student.cpp; sourceTree = "<group>"; };
		6A613E662665BDEF006EF75B /* Student.hpp */ = {isa = PBXFileReference; lastKnownFileType = sourcecode.cpp.h; path = Student.hpp; sourceTree = "<group>"; };
		6A613E6C2665CEAD006EF75B /* day_04_new */ = {isa = PBXFileReference; explicitFileType = "compiled.mach-o.executable"; includeInIndex = 0; path = day_04_new; sourceTree = BUILT_PRODUCTS_DIR; };
		6A613E6E2665CEAD006EF75B /* main.cpp */ = {isa = PBXFileReference; lastKnownFileType = sourcecode.cpp.cpp; path = main.cpp; sourceTree = "<group>"; };
/* End PBXFileReference section */

/* Begin PBXFrameworksBuildPhase section */
		6A613E522664C8D8006EF75B /* Frameworks */ = {
			isa = PBXFrameworksBuildPhase;
			buildActionMask = 2147483647;
			files = (
			);
			runOnlyForDeploymentPostprocessing = 0;
		};
		6A613E692665CEAD006EF75B /* Frameworks */ = {
			isa = PBXFrameworksBuildPhase;
			buildActionMask = 2147483647;
			files = (
			);
			runOnlyForDeploymentPostprocessing = 0;
		};
/* End PBXFrameworksBuildPhase section */

/* Begin PBXGroup section */
		6A613E4C2664C8D8006EF75B = {
			isa = PBXGroup;
			children = (
				6A613E572664C8D8006EF75B /* day_04 */,
				6A613E6D2665CEAD006EF75B /* day_04_new */,
				6A613E562664C8D8006EF75B /* Products */,
			);
			sourceTree = "<group>";
		};
		6A613E562664C8D8006EF75B /* Products */ = {
			isa = PBXGroup;
			children = (
				6A613E552664C8D8006EF75B /* day_04 */,
				6A613E6C2665CEAD006EF75B /* day_04_new */,
			);
			name = Products;
			sourceTree = "<group>";
		};
		6A613E572664C8D8006EF75B /* day_04 */ = {
			isa = PBXGroup;
			children = (
				6A613E582664C8D8006EF75B /* main.cpp */,
				6A613E5F2664C938006EF75B /* Data.cpp */,
				6A613E602664C938006EF75B /* Data.hpp */,
				6A613E622664DC6D006EF75B /* Person.cpp */,
				6A613E632664DC6D006EF75B /* Person.hpp */,
				6A613E652665BDEF006EF75B /* Student.cpp */,
				6A613E662665BDEF006EF75B /* Student.hpp */,
			);
			path = day_04;
			sourceTree = "<group>";
		};
		6A613E6D2665CEAD006EF75B /* day_04_new */ = {
			isa = PBXGroup;
			children = (
				6A613E6E2665CEAD006EF75B /* main.cpp */,
			);
			path = day_04_new;
			sourceTree = "<group>";
		};
/* End PBXGroup section */

/* Begin PBXNativeTarget section */
		6A613E542664C8D8006EF75B /* day_04 */ = {
			isa = PBXNativeTarget;
			buildConfigurationList = 6A613E5C2664C8D8006EF75B /* Build configuration list for PBXNativeTarget "day_04" */;
			buildPhases = (
				6A613E512664C8D8006EF75B /* Sources */,
				6A613E522664C8D8006EF75B /* Frameworks */,
				6A613E532664C8D8006EF75B /* CopyFiles */,
			);
			buildRules = (
			);
			dependencies = (
			);
			name = day_04;
			productName = day_04;
			productReference = 6A613E552664C8D8006EF75B /* day_04 */;
			productType = "com.apple.product-type.tool";
		};
		6A613E6B2665CEAD006EF75B /* day_04_new */ = {
			isa = PBXNativeTarget;
			buildConfigurationList = 6A613E702665CEAD006EF75B /* Build configuration list for PBXNativeTarget "day_04_new" */;
			buildPhases = (
				6A613E682665CEAD006EF75B /* Sources */,
				6A613E692665CEAD006EF75B /* Frameworks */,
				6A613E6A2665CEAD006EF75B /* CopyFiles */,
			);
			buildRules = (
			);
			dependencies = (
			);
			name = day_04_new;
			productName = day_04_new;
			productReference = 6A613E6C2665CEAD006EF75B /* day_04_new */;
			productType = "com.apple.product-type.tool";
		};
/* End PBXNativeTarget section */

/* Begin PBXProject section */
		6A613E4D2664C8D8006EF75B /* Project object */ = {
			isa = PBXProject;
			attributes = {
				LastUpgradeCheck = 1250;
				TargetAttributes = {
					6A613E542664C8D8006EF75B = {
						CreatedOnToolsVersion = 12.5;
					};
					6A613E6B2665CEAD006EF75B = {
						CreatedOnToolsVersion = 12.5;
					};
				};
			};
			buildConfigurationList = 6A613E502664C8D8006EF75B /* Build configuration list for PBXProject "day_04" */;
			compatibilityVersion = "Xcode 9.3";
			developmentRegion = en;
			hasScannedForEncodings = 0;
			knownRegions = (
				en,
				Base,
			);
			mainGroup = 6A613E4C2664C8D8006EF75B;
			productRefGroup = 6A613E562664C8D8006EF75B /* Products */;
			projectDirPath = "";
			projectRoot = "";
			targets = (
				6A613E542664C8D8006EF75B /* day_04 */,
				6A613E6B2665CEAD006EF75B /* day_04_new */,
			);
		};
/* End PBXProject section */

/* Begin PBXSourcesBuildPhase section */
		6A613E512664C8D8006EF75B /* Sources */ = {
			isa = PBXSourcesBuildPhase;
			buildActionMask = 2147483647;
			files = (
				6A613E592664C8D8006EF75B /* main.cpp in Sources */,
				6A613E642664DC6D006EF75B /* Person.cpp in Sources */,
				6A613E612664C938006EF75B /* Data.cpp in Sources */,
				6A613E672665BDEF006EF75B /* Student.cpp in Sources */,
			);
			runOnlyForDeploymentPostprocessing = 0;
		};
		6A613E682665CEAD006EF75B /* Sources */ = {
			isa = PBXSourcesBuildPhase;
			buildActionMask = 2147483647;
			files = (
				6A613E6F2665CEAD006EF75B /* main.cpp in Sources */,
			);
			runOnlyForDeploymentPostprocessing = 0;
		};
/* End PBXSourcesBuildPhase section */

/* Begin XCBuildConfiguration section */
		6A613E5A2664C8D8006EF75B /* Debug */ = {
			isa = XCBuildConfiguration;
			buildSettings = {
				ALWAYS_SEARCH_USER_PATHS = NO;
				CLANG_ANALYZER_NONNULL = YES;
				CLANG_ANALYZER_NUMBER_OBJECT_CONVERSION = YES_AGGRESSIVE;
				CLANG_CXX_LANGUAGE_STANDARD = "gnu++14";
				CLANG_CXX_LIBRARY = "libc++";
				CLANG_ENABLE_MODULES = YES;
				CLANG_ENABLE_OBJC_ARC = YES;
				CLANG_ENABLE_OBJC_WEAK = YES;
				CLANG_WARN_BLOCK_CAPTURE_AUTORELEASING = YES;
				CLANG_WARN_BOOL_CONVERSION = YES;
				CLANG_WARN_COMMA = YES;
				CLANG_WARN_CONSTANT_CONVERSION = YES;
				CLANG_WARN_DEPRECATED_OBJC_IMPLEMENTATIONS = YES;
				CLANG_WARN_DIRECT_OBJC_ISA_USAGE = YES_ERROR;
				CLANG_WARN_DOCUMENTATION_COMMENTS = YES;
				CLANG_WARN_EMPTY_BODY = YES;
				CLANG_WARN_ENUM_CONVERSION = YES;
				CLANG_WARN_INFINITE_RECURSION = YES;
				CLANG_WARN_INT_CONVERSION = YES;
				CLANG_WARN_NON_LITERAL_NULL_CONVERSION = YES;
				CLANG_WARN_OBJC_IMPLICIT_RETAIN_SELF = YES;
				CLANG_WARN_OBJC_LITERAL_CONVERSION = YES;
				CLANG_WARN_OBJC_ROOT_CLASS = YES_ERROR;
				CLANG_WARN_QUOTED_INCLUDE_IN_FRAMEWORK_HEADER = YES;
				CLANG_WARN_RANGE_LOOP_ANALYSIS = YES;
				CLANG_WARN_STRICT_PROTOTYPES = YES;
				CLANG_WARN_SUSPICIOUS_MOVE = YES;
				CLANG_WARN_UNGUARDED_AVAILABILITY = YES_AGGRESSIVE;
				CLANG_WARN_UNREACHABLE_CODE = YES;
				CLANG_WARN__DUPLICATE_METHOD_MATCH = YES;
				COPY_PHASE_STRIP = NO;
				DEBUG_INFORMATION_FORMAT = dwarf;
				ENABLE_STRICT_OBJC_MSGSEND = YES;
				ENABLE_TESTABILITY = YES;
				GCC_C_LANGUAGE_STANDARD = gnu11;
				GCC_DYNAMIC_NO_PIC = NO;
				GCC_NO_COMMON_BLOCKS = YES;
				GCC_OPTIMIZATION_LEVEL = 0;
				GCC_PREPROCESSOR_DEFINITIONS = (
					"DEBUG=1",
					"$(inherited)",
				);
				GCC_WARN_64_TO_32_BIT_CONVERSION = YES;
				GCC_WARN_ABOUT_RETURN_TYPE = YES_ERROR;
				GCC_WARN_UNDECLARED_SELECTOR = YES;
				GCC_WARN_UNINITIALIZED_AUTOS = YES_AGGRESSIVE;
				GCC_WARN_UNUSED_FUNCTION = YES;
				GCC_WARN_UNUSED_VARIABLE = YES;
				MACOSX_DEPLOYMENT_TARGET = 11.3;
				MTL_ENABLE_DEBUG_INFO = INCLUDE_SOURCE;
				MTL_FAST_MATH = YES;
				ONLY_ACTIVE_ARCH = YES;
				SDKROOT = macosx;
			};
			name = Debug;
		};
		6A613E5B2664C8D8006EF75B /* Release */ = {
			isa = XCBuildConfiguration;
			buildSettings = {
				ALWAYS_SEARCH_USER_PATHS = NO;
				CLANG_ANALYZER_NONNULL = YES;
				CLANG_ANALYZER_NUMBER_OBJECT_CONVERSION = YES_AGGRESSIVE;
				CLANG_CXX_LANGUAGE_STANDARD = "gnu++14";
				CLANG_CXX_LIBRARY = "libc++";
				CLANG_ENABLE_MODULES = YES;
				CLANG_ENABLE_OBJC_ARC = YES;
				CLANG_ENABLE_OBJC_WEAK = YES;
				CLANG_WARN_BLOCK_CAPTURE_AUTORELEASING = YES;
				CLANG_WARN_BOOL_CONVERSION = YES;
				CLANG_WARN_COMMA = YES;
				CLANG_WARN_CONSTANT_CONVERSION = YES;
				CLANG_WARN_DEPRECATED_OBJC_IMPLEMENTATIONS = YES;
				CLANG_WARN_DIRECT_OBJC_ISA_USAGE = YES_ERROR;
				CLANG_WARN_DOCUMENTATION_COMMENTS = YES;
				CLANG_WARN_EMPTY_BODY = YES;
				CLANG_WARN_ENUM_CONVERSION = YES;
				CLANG_WARN_INFINITE_RECURSION = YES;
				CLANG_WARN_INT_CONVERSION = YES;
				CLANG_WARN_NON_LITERAL_NULL_CONVERSION = YES;
				CLANG_WARN_OBJC_IMPLICIT_RETAIN_SELF = YES;
				CLANG_WARN_OBJC_LITERAL_CONVERSION = YES;
				CLANG_WARN_OBJC_ROOT_CLASS = YES_ERROR;
				CLANG_WARN_QUOTED_INCLUDE_IN_FRAMEWORK_HEADER = YES;
				CLANG_WARN_RANGE_LOOP_ANALYSIS = YES;
				CLANG_WARN_STRICT_PROTOTYPES = YES;
				CLANG_WARN_SUSPICIOUS_MOVE = YES;
				CLANG_WARN_UNGUARDED_AVAILABILITY = YES_AGGRESSIVE;
				CLANG_WARN_UNREACHABLE_CODE = YES;
				CLANG_WARN__DUPLICATE_METHOD_MATCH = YES;
				COPY_PHASE_STRIP = NO;
				DEBUG_INFORMATION_FORMAT = "dwarf-with-dsym";
				ENABLE_NS_ASSERTIONS = NO;
				ENABLE_STRICT_OBJC_MSGSEND = YES;
				GCC_C_LANGUAGE_STANDARD = gnu11;
				GCC_NO_COMMON_BLOCKS = YES;
				GCC_WARN_64_TO_32_BIT_CONVERSION = YES;
				GCC_WARN_ABOUT_RETURN_TYPE = YES_ERROR;
				GCC_WARN_UNDECLARED_SELECTOR = YES;
				GCC_WARN_UNINITIALIZED_AUTOS = YES_AGGRESSIVE;
				GCC_WARN_UNUSED_FUNCTION = YES;
				GCC_WARN_UNUSED_VARIABLE = YES;
				MACOSX_DEPLOYMENT_TARGET = 11.3;
				MTL_ENABLE_DEBUG_INFO = NO;
				MTL_FAST_MATH = YES;
				SDKROOT = macosx;
			};
			name = Release;
		};
		6A613E5D2664C8D8006EF75B /* Debug */ = {
			isa = XCBuildConfiguration;
			buildSettings = {
				CODE_SIGN_STYLE = Automatic;
				DEVELOPMENT_TEAM = 4XP6U9X87N;
				ENABLE_HARDENED_RUNTIME = YES;
				PRODUCT_NAME = "$(TARGET_NAME)";
			};
			name = Debug;
		};
		6A613E5E2664C8D8006EF75B /* Release */ = {
			isa = XCBuildConfiguration;
			buildSettings = {
				CODE_SIGN_STYLE = Automatic;
				DEVELOPMENT_TEAM = 4XP6U9X87N;
				ENABLE_HARDENED_RUNTIME = YES;
				PRODUCT_NAME = "$(TARGET_NAME)";
			};
			name = Release;
		};
		6A613E712665CEAD006EF75B /* Debug */ = {
			isa = XCBuildConfiguration;
			buildSettings = {
				CODE_SIGN_STYLE = Automatic;
				DEVELOPMENT_TEAM = 4XP6U9X87N;
				ENABLE_HARDENED_RUNTIME = YES;
				PRODUCT_NAME = "$(TARGET_NAME)";
			};
			name = Debug;
		};
		6A613E722665CEAD006EF75B /* Release */ = {
			isa = XCBuildConfiguration;
			buildSettings = {
				CODE_SIGN_STYLE = Automatic;
				DEVELOPMENT_TEAM = 4XP6U9X87N;
				ENABLE_HARDENED_RUNTIME = YES;
				PRODUCT_NAME = "$(TARGET_NAME)";
			};
			name = Release;
		};
/* End XCBuildConfiguration section */

/* Begin XCConfigurationList section */
		6A613E502664C8D8006EF75B /* Build configuration list for PBXProject "day_04" */ = {
			isa = XCConfigurationList;
			buildConfigurations = (
				6A613E5A2664C8D8006EF75B /* Debug */,
				6A613E5B2664C8D8006EF75B /* Release */,
			);
			defaultConfigurationIsVisible = 0;
			defaultConfigurationName = Release;
		};
		6A613E5C2664C8D8006EF75B /* Build configuration list for PBXNativeTarget "day_04" */ = {
			isa = XCConfigurationList;
			buildConfigurations = (
				6A613E5D2664C8D8006EF75B /* Debug */,
				6A613E5E2664C8D8006EF75B /* Release */,
			);
			defaultConfigurationIsVisible = 0;
			defaultConfigurationName = Release;
		};
		6A613E702665CEAD006EF75B /* Build configuration list for PBXNativeTarget "day_04_new" */ = {
			isa = XCConfigurationList;
			buildConfigurations = (
				6A613E712665CEAD006EF75B /* Debug */,
				6A613E722665CEAD006EF75B /* Release */,
			);
			defaultConfigurationIsVisible = 0;
			defaultConfigurationName = Release;
		};
/* End XCConfigurationList section */
	};
	rootObject = 6A613E4D2664C8D8006EF75B /* Project object */;
}
