// !$*UTF8*$!
{
	archiveVersion = 1;
	classes = {
	};
	objectVersion = 50;
	objects = {

/* Begin PBXBuildFile section */
		6A613E592664C8D8006EF75B /* main.cpp in Sources */ = {isa = PBXBuildFile; fileRef = 6A613E582664C8D8006EF75B /* main.cpp */; };
		6A613E612664C938006EF75B /* Data.cpp in Sources */ = {isa = PBXBuildFile; fileRef = 6A613E5F2664C938006EF75B /* Data.cpp */; };
		6A613E642664DC6D006EF75B /* Person.cpp in Sources */ = {isa = PBXBuildFile; fileRef = 6A613E622664DC6D006EF75B /* Person.cpp */; };
		6A613E672665BDEF006EF75B /* Student.cpp in Sources */ = {isa = PBXBuildFile; fileRef = 6A613E652665BDEF006EF75B /* Student.cpp */; };
		6A613E6F2665CEAD006EF75B /* main.cpp in Sources */ = {isa = PBXBuildFile; fileRef = 6A613E6E2665CEAD006EF75B /* main.cpp */; };
		6A613E752665D442006EF75B /* Person.cpp in Sources */ = {isa = PBXBuildFile; fileRef = 6A613E732665D442006EF75B /* Person.cpp */; };
		6A613E782665E59E006EF75B /* Data.cpp in Sources */ = {isa = PBXBuildFile; fileRef = 6A613E762665E59E006EF75B /* Data.cpp */; };
		6A8FDBB8266763A0000FFB6A /* Room.cpp in Sources */ = {isa = PBXBuildFile; fileRef = 6A8FDBB6266763A0000FFB6A /* Room.cpp */; };
		6A8FDBBB2667694D000FFB6A /* GoodGay.cpp in Sources */ = {isa = PBXBuildFile; fileRef = 6A8FDBB92667694D000FFB6A /* GoodGay.cpp */; };
		6A8FDBC326677840000FFB6A /* main.cpp in Sources */ = {isa = PBXBuildFile; fileRef = 6A8FDBC226677840000FFB6A /* main.cpp */; };
		6A8FDBC92667789D000FFB6A /* TV.cpp in Sources */ = {isa = PBXBuildFile; fileRef = 6A8FDBC72667789D000FFB6A /* TV.cpp */; };
		6A8FDBCC26686842000FFB6A /* Remote.cpp in Sources */ = {isa = PBXBuildFile; fileRef = 6A8FDBCA26686842000FFB6A /* Remote.cpp */; };
		6A8FDBD4266878AE000FFB6A /* main.cpp in Sources */ = {isa = PBXBuildFile; fileRef = 6A8FDBD3266878AE000FFB6A /* main.cpp */; };
		6A8FDBDA266878BB000FFB6A /* MyArray.cpp in Sources */ = {isa = PBXBuildFile; fileRef = 6A8FDBD8266878BB000FFB6A /* MyArray.cpp */; };
		6A8FDBED2669AE89000FFB6A /* main.cpp in Sources */ = {isa = PBXBuildFile; fileRef = 6A8FDBEC2669AE89000FFB6A /* main.cpp */; };
		6A8FDBF32669AE9A000FFB6A /* Person.cpp in Sources */ = {isa = PBXBuildFile; fileRef = 6A8FDBF12669AE9A000FFB6A /* Person.cpp */; };
		6A8FDBF62669F45B000FFB6A /* Data.cpp in Sources */ = {isa = PBXBuildFile; fileRef = 6A8FDBF42669F45B000FFB6A /* Data.cpp */; };
		6AACD76226671D4E0001F438 /* Printer.cpp in Sources */ = {isa = PBXBuildFile; fileRef = 6AACD76026671D4E0001F438 /* Printer.cpp */; };
		6AACD76A266723790001F438 /* main.cpp in Sources */ = {isa = PBXBuildFile; fileRef = 6AACD769266723790001F438 /* main.cpp */; };
		6AACD7702667238B0001F438 /* Data.cpp in Sources */ = {isa = PBXBuildFile; fileRef = 6AACD76E2667238B0001F438 /* Data.cpp */; };
/* End PBXBuildFile section */

/* Begin PBXCopyFilesBuildPhase section */
		6A613E532664C8D8006EF75B /* CopyFiles */ = {
			isa = PBXCopyFilesBuildPhase;
			buildActionMask = 2147483647;
			dstPath = /usr/share/man/man1/;
			dstSubfolderSpec = 0;
			files = (
			);
			runOnlyForDeploymentPostprocessing = 1;
		};
		6A613E6A2665CEAD006EF75B /* CopyFiles */ = {
			isa = PBXCopyFilesBuildPhase;
			buildActionMask = 2147483647;
			dstPath = /usr/share/man/man1/;
			dstSubfolderSpec = 0;
			files = (
			);
			runOnlyForDeploymentPostprocessing = 1;
		};
		6A8FDBBE26677840000FFB6A /* CopyFiles */ = {
			isa = PBXCopyFilesBuildPhase;
			buildActionMask = 2147483647;
			dstPath = /usr/share/man/man1/;
			dstSubfolderSpec = 0;
			files = (
			);
			runOnlyForDeploymentPostprocessing = 1;
		};
		6A8FDBCF266878AE000FFB6A /* CopyFiles */ = {
			isa = PBXCopyFilesBuildPhase;
			buildActionMask = 2147483647;
			dstPath = /usr/share/man/man1/;
			dstSubfolderSpec = 0;
			files = (
			);
			runOnlyForDeploymentPostprocessing = 1;
		};
		6A8FDBE82669AE89000FFB6A /* CopyFiles */ = {
			isa = PBXCopyFilesBuildPhase;
			buildActionMask = 2147483647;
			dstPath = /usr/share/man/man1/;
			dstSubfolderSpec = 0;
			files = (
			);
			runOnlyForDeploymentPostprocessing = 1;
		};
		6AACD765266723790001F438 /* CopyFiles */ = {
			isa = PBXCopyFilesBuildPhase;
			buildActionMask = 2147483647;
			dstPath = /usr/share/man/man1/;
			dstSubfolderSpec = 0;
			files = (
			);
			runOnlyForDeploymentPostprocessing = 1;
		};
/* End PBXCopyFilesBuildPhase section */

/* Begin PBXFileReference section */
		6A613E552664C8D8006EF75B /* day_04 */ = {isa = PBXFileReference; explicitFileType = "compiled.mach-o.executable"; includeInIndex = 0; path = day_04; sourceTree = BUILT_PRODUCTS_DIR; };
		6A613E582664C8D8006EF75B /* main.cpp */ = {isa = PBXFileReference; lastKnownFileType = sourcecode.cpp.cpp; path = main.cpp; sourceTree = "<group>"; };
		6A613E5F2664C938006EF75B /* Data.cpp */ = {isa = PBXFileReference; lastKnownFileType = sourcecode.cpp.cpp; path = Data.cpp; sourceTree = "<group>"; };
		6A613E602664C938006EF75B /* Data.hpp */ = {isa = PBXFileReference; lastKnownFileType = sourcecode.cpp.h; path = Data.hpp; sourceTree = "<group>"; };
		6A613E622664DC6D006EF75B /* Person.cpp */ = {isa = PBXFileReference; lastKnownFileType = sourcecode.cpp.cpp; path = Person.cpp; sourceTree = "<group>"; };
		6A613E632664DC6D006EF75B /* Person.hpp */ = {isa = PBXFileReference; lastKnownFileType = sourcecode.cpp.h; path = Person.hpp; sourceTree = "<group>"; };
		6A613E652665BDEF006EF75B /* Student.cpp */ = {isa = PBXFileReference; lastKnownFileType = sourcecode.cpp.cpp; path = Student.cpp; sourceTree = "<group>"; };
		6A613E662665BDEF006EF75B /* Student.hpp */ = {isa = PBXFileReference; lastKnownFileType = sourcecode.cpp.h; path = Student.hpp; sourceTree = "<group>"; };
		6A613E6C2665CEAD006EF75B /* day_04_new */ = {isa = PBXFileReference; explicitFileType = "compiled.mach-o.executable"; includeInIndex = 0; path = day_04_new; sourceTree = BUILT_PRODUCTS_DIR; };
		6A613E6E2665CEAD006EF75B /* main.cpp */ = {isa = PBXFileReference; lastKnownFileType = sourcecode.cpp.cpp; path = main.cpp; sourceTree = "<group>"; };
		6A613E732665D442006EF75B /* Person.cpp */ = {isa = PBXFileReference; lastKnownFileType = sourcecode.cpp.cpp; path = Person.cpp; sourceTree = "<group>"; };
		6A613E742665D442006EF75B /* Person.hpp */ = {isa = PBXFileReference; lastKnownFileType = sourcecode.cpp.h; path = Person.hpp; sourceTree = "<group>"; };
		6A613E762665E59E006EF75B /* Data.cpp */ = {isa = PBXFileReference; lastKnownFileType = sourcecode.cpp.cpp; path = Data.cpp; sourceTree = "<group>"; };
		6A613E772665E59E006EF75B /* Data.hpp */ = {isa = PBXFileReference; lastKnownFileType = sourcecode.cpp.h; path = Data.hpp; sourceTree = "<group>"; };
		6A8FDBB6266763A0000FFB6A /* Room.cpp */ = {isa = PBXFileReference; lastKnownFileType = sourcecode.cpp.cpp; path = Room.cpp; sourceTree = "<group>"; };
		6A8FDBB7266763A0000FFB6A /* Room.hpp */ = {isa = PBXFileReference; lastKnownFileType = sourcecode.cpp.h; path = Room.hpp; sourceTree = "<group>"; };
		6A8FDBB92667694D000FFB6A /* GoodGay.cpp */ = {isa = PBXFileReference; lastKnownFileType = sourcecode.cpp.cpp; path = GoodGay.cpp; sourceTree = "<group>"; };
		6A8FDBBA2667694D000FFB6A /* GoodGay.hpp */ = {isa = PBXFileReference; lastKnownFileType = sourcecode.cpp.h; path = GoodGay.hpp; sourceTree = "<group>"; };
		6A8FDBC026677840000FFB6A /* sample_tv */ = {isa = PBXFileReference; explicitFileType = "compiled.mach-o.executable"; includeInIndex = 0; path = sample_tv; sourceTree = BUILT_PRODUCTS_DIR; };
		6A8FDBC226677840000FFB6A /* main.cpp */ = {isa = PBXFileReference; lastKnownFileType = sourcecode.cpp.cpp; path = main.cpp; sourceTree = "<group>"; };
		6A8FDBC72667789D000FFB6A /* TV.cpp */ = {isa = PBXFileReference; lastKnownFileType = sourcecode.cpp.cpp; path = TV.cpp; sourceTree = "<group>"; };
		6A8FDBC82667789D000FFB6A /* TV.hpp */ = {isa = PBXFileReference; lastKnownFileType = sourcecode.cpp.h; path = TV.hpp; sourceTree = "<group>"; };
		6A8FDBCA26686842000FFB6A /* Remote.cpp */ = {isa = PBXFileReference; lastKnownFileType = sourcecode.cpp.cpp; path = Remote.cpp; sourceTree = "<group>"; };
		6A8FDBCB26686842000FFB6A /* Remote.hpp */ = {isa = PBXFileReference; lastKnownFileType = sourcecode.cpp.h; path = Remote.hpp; sourceTree = "<group>"; };
		6A8FDBD1266878AE000FFB6A /* my_array */ = {isa = PBXFileReference; explicitFileType = "compiled.mach-o.executable"; includeInIndex = 0; path = my_array; sourceTree = BUILT_PRODUCTS_DIR; };
		6A8FDBD3266878AE000FFB6A /* main.cpp */ = {isa = PBXFileReference; lastKnownFileType = sourcecode.cpp.cpp; path = main.cpp; sourceTree = "<group>"; };
		6A8FDBD8266878BB000FFB6A /* MyArray.cpp */ = {isa = PBXFileReference; lastKnownFileType = sourcecode.cpp.cpp; path = MyArray.cpp; sourceTree = "<group>"; };
		6A8FDBD9266878BB000FFB6A /* MyArray.hpp */ = {isa = PBXFileReference; lastKnownFileType = sourcecode.cpp.h; path = MyArray.hpp; sourceTree = "<group>"; };
		6A8FDBEA2669AE89000FFB6A /* operator */ = {isa = PBXFileReference; explicitFileType = "compiled.mach-o.executable"; includeInIndex = 0; path = operator; sourceTree = BUILT_PRODUCTS_DIR; };
		6A8FDBEC2669AE89000FFB6A /* main.cpp */ = {isa = PBXFileReference; lastKnownFileType = sourcecode.cpp.cpp; path = main.cpp; sourceTree = "<group>"; };
		6A8FDBF12669AE9A000FFB6A /* Person.cpp */ = {isa = PBXFileReference; lastKnownFileType = sourcecode.cpp.cpp; path = Person.cpp; sourceTree = "<group>"; };
		6A8FDBF22669AE9A000FFB6A /* Person.hpp */ = {isa = PBXFileReference; lastKnownFileType = sourcecode.cpp.h; path = Person.hpp; sourceTree = "<group>"; };
		6A8FDBF42669F45B000FFB6A /* Data.cpp */ = {isa = PBXFileReference; lastKnownFileType = sourcecode.cpp.cpp; path = Data.cpp; sourceTree = "<group>"; };
		6A8FDBF52669F45B000FFB6A /* Data.hpp */ = {isa = PBXFileReference; lastKnownFileType = sourcecode.cpp.h; path = Data.hpp; sourceTree = "<group>"; };
		6AACD76026671D4E0001F438 /* Printer.cpp */ = {isa = PBXFileReference; lastKnownFileType = sourcecode.cpp.cpp; path = Printer.cpp; sourceTree = "<group>"; };
		6AACD76126671D4E0001F438 /* Printer.hpp */ = {isa = PBXFileReference; lastKnownFileType = sourcecode.cpp.h; path = Printer.hpp; sourceTree = "<group>"; };
		6AACD767266723790001F438 /* this_pointer */ = {isa = PBXFileReference; explicitFileType = "compiled.mach-o.executable"; includeInIndex = 0; path = this_pointer; sourceTree = BUILT_PRODUCTS_DIR; };
		6AACD769266723790001F438 /* main.cpp */ = {isa = PBXFileReference; lastKnownFileType = sourcecode.cpp.cpp; path = main.cpp; sourceTree = "<group>"; };
		6AACD76E2667238B0001F438 /* Data.cpp */ = {isa = PBXFileReference; lastKnownFileType = sourcecode.cpp.cpp; path = Data.cpp; sourceTree = "<group>"; };
		6AACD76F2667238B0001F438 /* Data.hpp */ = {isa = PBXFileReference; lastKnownFileType = sourcecode.cpp.h; path = Data.hpp; sourceTree = "<group>"; };
/* End PBXFileReference section */

/* Begin PBXFrameworksBuildPhase section */
		6A613E522664C8D8006EF75B /* Frameworks */ = {
			isa = PBXFrameworksBuildPhase;
			buildActionMask = 2147483647;
			files = (
			);
			runOnlyForDeploymentPostprocessing = 0;
		};
		6A613E692665CEAD006EF75B /* Frameworks */ = {
			isa = PBXFrameworksBuildPhase;
			buildActionMask = 2147483647;
			files = (
			);
			runOnlyForDeploymentPostprocessing = 0;
		};
		6A8FDBBD26677840000FFB6A /* Frameworks */ = {
			isa = PBXFrameworksBuildPhase;
			buildActionMask = 2147483647;
			files = (
			);
			runOnlyForDeploymentPostprocessing = 0;
		};
		6A8FDBCE266878AE000FFB6A /* Frameworks */ = {
			isa = PBXFrameworksBuildPhase;
			buildActionMask = 2147483647;
			files = (
			);
			runOnlyForDeploymentPostprocessing = 0;
		};
		6A8FDBE72669AE89000FFB6A /* Frameworks */ = {
			isa = PBXFrameworksBuildPhase;
			buildActionMask = 2147483647;
			files = (
			);
			runOnlyForDeploymentPostprocessing = 0;
		};
		6AACD764266723790001F438 /* Frameworks */ = {
			isa = PBXFrameworksBuildPhase;
			buildActionMask = 2147483647;
			files = (
			);
			runOnlyForDeploymentPostprocessing = 0;
		};
/* End PBXFrameworksBuildPhase section */

/* Begin PBXGroup section */
		6A613E4C2664C8D8006EF75B = {
			isa = PBXGroup;
			children = (
				6A613E572664C8D8006EF75B /* day_04 */,
				6A613E6D2665CEAD006EF75B /* day_04_new */,
				6AACD768266723790001F438 /* this_pointer */,
				6A8FDBC126677840000FFB6A /* sample_tv */,
				6A8FDBD2266878AE000FFB6A /* my_array */,
				6A8FDBEB2669AE89000FFB6A /* operator */,
				6A613E562664C8D8006EF75B /* Products */,
			);
			sourceTree = "<group>";
		};
		6A613E562664C8D8006EF75B /* Products */ = {
			isa = PBXGroup;
			children = (
				6A613E552664C8D8006EF75B /* day_04 */,
				6A613E6C2665CEAD006EF75B /* day_04_new */,
				6AACD767266723790001F438 /* this_pointer */,
				6A8FDBC026677840000FFB6A /* sample_tv */,
				6A8FDBD1266878AE000FFB6A /* my_array */,
				6A8FDBEA2669AE89000FFB6A /* operator */,
			);
			name = Products;
			sourceTree = "<group>";
		};
		6A613E572664C8D8006EF75B /* day_04 */ = {
			isa = PBXGroup;
			children = (
				6A613E582664C8D8006EF75B /* main.cpp */,
				6A613E5F2664C938006EF75B /* Data.cpp */,
				6A613E602664C938006EF75B /* Data.hpp */,
				6A613E622664DC6D006EF75B /* Person.cpp */,
				6A613E632664DC6D006EF75B /* Person.hpp */,
				6A613E652665BDEF006EF75B /* Student.cpp */,
				6A613E662665BDEF006EF75B /* Student.hpp */,
			);
			path = day_04;
			sourceTree = "<group>";
		};
		6A613E6D2665CEAD006EF75B /* day_04_new */ = {
			isa = PBXGroup;
			children = (
				6A613E6E2665CEAD006EF75B /* main.cpp */,
				6A613E732665D442006EF75B /* Person.cpp */,
				6A613E742665D442006EF75B /* Person.hpp */,
				6A613E762665E59E006EF75B /* Data.cpp */,
				6A613E772665E59E006EF75B /* Data.hpp */,
				6AACD76026671D4E0001F438 /* Printer.cpp */,
				6AACD76126671D4E0001F438 /* Printer.hpp */,
			);
			path = day_04_new;
			sourceTree = "<group>";
		};
		6A8FDBC126677840000FFB6A /* sample_tv */ = {
			isa = PBXGroup;
			children = (
				6A8FDBC226677840000FFB6A /* main.cpp */,
				6A8FDBC72667789D000FFB6A /* TV.cpp */,
				6A8FDBC82667789D000FFB6A /* TV.hpp */,
				6A8FDBCA26686842000FFB6A /* Remote.cpp */,
				6A8FDBCB26686842000FFB6A /* Remote.hpp */,
			);
			path = sample_tv;
			sourceTree = "<group>";
		};
		6A8FDBD2266878AE000FFB6A /* my_array */ = {
			isa = PBXGroup;
			children = (
				6A8FDBD3266878AE000FFB6A /* main.cpp */,
				6A8FDBD8266878BB000FFB6A /* MyArray.cpp */,
				6A8FDBD9266878BB000FFB6A /* MyArray.hpp */,
			);
			path = my_array;
			sourceTree = "<group>";
		};
		6A8FDBEB2669AE89000FFB6A /* operator */ = {
			isa = PBXGroup;
			children = (
				6A8FDBEC2669AE89000FFB6A /* main.cpp */,
				6A8FDBF12669AE9A000FFB6A /* Person.cpp */,
				6A8FDBF22669AE9A000FFB6A /* Person.hpp */,
				6A8FDBF42669F45B000FFB6A /* Data.cpp */,
				6A8FDBF52669F45B000FFB6A /* Data.hpp */,
			);
			path = operator;
			sourceTree = "<group>";
		};
		6AACD768266723790001F438 /* this_pointer */ = {
			isa = PBXGroup;
			children = (
				6AACD769266723790001F438 /* main.cpp */,
				6AACD76E2667238B0001F438 /* Data.cpp */,
				6AACD76F2667238B0001F438 /* Data.hpp */,
				6A8FDBB6266763A0000FFB6A /* Room.cpp */,
				6A8FDBB7266763A0000FFB6A /* Room.hpp */,
				6A8FDBB92667694D000FFB6A /* GoodGay.cpp */,
				6A8FDBBA2667694D000FFB6A /* GoodGay.hpp */,
			);
			path = this_pointer;
			sourceTree = "<group>";
		};
/* End PBXGroup section */

/* Begin PBXNativeTarget section */
		6A613E542664C8D8006EF75B /* day_04 */ = {
			isa = PBXNativeTarget;
			buildConfigurationList = 6A613E5C2664C8D8006EF75B /* Build configuration list for PBXNativeTarget "day_04" */;
			buildPhases = (
				6A613E512664C8D8006EF75B /* Sources */,
				6A613E522664C8D8006EF75B /* Frameworks */,
				6A613E532664C8D8006EF75B /* CopyFiles */,
			);
			buildRules = (
			);
			dependencies = (
			);
			name = day_04;
			productName = day_04;
			productReference = 6A613E552664C8D8006EF75B /* day_04 */;
			productType = "com.apple.product-type.tool";
		};
		6A613E6B2665CEAD006EF75B /* day_04_new */ = {
			isa = PBXNativeTarget;
			buildConfigurationList = 6A613E702665CEAD006EF75B /* Build configuration list for PBXNativeTarget "day_04_new" */;
			buildPhases = (
				6A613E682665CEAD006EF75B /* Sources */,
				6A613E692665CEAD006EF75B /* Frameworks */,
				6A613E6A2665CEAD006EF75B /* CopyFiles */,
			);
			buildRules = (
			);
			dependencies = (
			);
			name = day_04_new;
			productName = day_04_new;
			productReference = 6A613E6C2665CEAD006EF75B /* day_04_new */;
			productType = "com.apple.product-type.tool";
		};
		6A8FDBBF26677840000FFB6A /* sample_tv */ = {
			isa = PBXNativeTarget;
			buildConfigurationList = 6A8FDBC426677840000FFB6A /* Build configuration list for PBXNativeTarget "sample_tv" */;
			buildPhases = (
				6A8FDBBC26677840000FFB6A /* Sources */,
				6A8FDBBD26677840000FFB6A /* Frameworks */,
				6A8FDBBE26677840000FFB6A /* CopyFiles */,
			);
			buildRules = (
			);
			dependencies = (
			);
			name = sample_tv;
			productName = sample_tv;
			productReference = 6A8FDBC026677840000FFB6A /* sample_tv */;
			productType = "com.apple.product-type.tool";
		};
		6A8FDBD0266878AE000FFB6A /* my_array */ = {
			isa = PBXNativeTarget;
			buildConfigurationList = 6A8FDBD5266878AE000FFB6A /* Build configuration list for PBXNativeTarget "my_array" */;
			buildPhases = (
				6A8FDBCD266878AE000FFB6A /* Sources */,
				6A8FDBCE266878AE000FFB6A /* Frameworks */,
				6A8FDBCF266878AE000FFB6A /* CopyFiles */,
			);
			buildRules = (
			);
			dependencies = (
			);
			name = my_array;
			productName = my_array;
			productReference = 6A8FDBD1266878AE000FFB6A /* my_array */;
			productType = "com.apple.product-type.tool";
		};
		6A8FDBE92669AE89000FFB6A /* operator */ = {
			isa = PBXNativeTarget;
			buildConfigurationList = 6A8FDBF02669AE89000FFB6A /* Build configuration list for PBXNativeTarget "operator" */;
			buildPhases = (
				6A8FDBE62669AE89000FFB6A /* Sources */,
				6A8FDBE72669AE89000FFB6A /* Frameworks */,
				6A8FDBE82669AE89000FFB6A /* CopyFiles */,
			);
			buildRules = (
			);
			dependencies = (
			);
			name = operator;
			productName = operator;
			productReference = 6A8FDBEA2669AE89000FFB6A /* operator */;
			productType = "com.apple.product-type.tool";
		};
		6AACD766266723790001F438 /* this_pointer */ = {
			isa = PBXNativeTarget;
			buildConfigurationList = 6AACD76B266723790001F438 /* Build configuration list for PBXNativeTarget "this_pointer" */;
			buildPhases = (
				6AACD763266723790001F438 /* Sources */,
				6AACD764266723790001F438 /* Frameworks */,
				6AACD765266723790001F438 /* CopyFiles */,
			);
			buildRules = (
			);
			dependencies = (
			);
			name = this_pointer;
			productName = this_pointer;
			productReference = 6AACD767266723790001F438 /* this_pointer */;
			productType = "com.apple.product-type.tool";
		};
/* End PBXNativeTarget section */

/* Begin PBXProject section */
		6A613E4D2664C8D8006EF75B /* Project object */ = {
			isa = PBXProject;
			attributes = {
				LastUpgradeCheck = 1250;
				TargetAttributes = {
					6A613E542664C8D8006EF75B = {
						CreatedOnToolsVersion = 12.5;
					};
					6A613E6B2665CEAD006EF75B = {
						CreatedOnToolsVersion = 12.5;
					};
					6A8FDBBF26677840000FFB6A = {
						CreatedOnToolsVersion = 12.5;
					};
					6A8FDBD0266878AE000FFB6A = {
						CreatedOnToolsVersion = 12.5;
					};
					6A8FDBE92669AE89000FFB6A = {
						CreatedOnToolsVersion = 12.5;
					};
					6AACD766266723790001F438 = {
						CreatedOnToolsVersion = 12.5;
					};
				};
			};
			buildConfigurationList = 6A613E502664C8D8006EF75B /* Build configuration list for PBXProject "day_04" */;
			compatibilityVersion = "Xcode 9.3";
			developmentRegion = en;
			hasScannedForEncodings = 0;
			knownRegions = (
				en,
				Base,
			);
			mainGroup = 6A613E4C2664C8D8006EF75B;
			productRefGroup = 6A613E562664C8D8006EF75B /* Products */;
			projectDirPath = "";
			projectRoot = "";
			targets = (
				6A613E542664C8D8006EF75B /* day_04 */,
				6A613E6B2665CEAD006EF75B /* day_04_new */,
				6AACD766266723790001F438 /* this_pointer */,
				6A8FDBBF26677840000FFB6A /* sample_tv */,
				6A8FDBD0266878AE000FFB6A /* my_array */,
				6A8FDBE92669AE89000FFB6A /* operator */,
			);
		};
/* End PBXProject section */

/* Begin PBXSourcesBuildPhase section */
		6A613E512664C8D8006EF75B /* Sources */ = {
			isa = PBXSourcesBuildPhase;
			buildActionMask = 2147483647;
			files = (
				6A613E592664C8D8006EF75B /* main.cpp in Sources */,
				6A613E642664DC6D006EF75B /* Person.cpp in Sources */,
				6A613E612664C938006EF75B /* Data.cpp in Sources */,
				6A613E672665BDEF006EF75B /* Student.cpp in Sources */,
			);
			runOnlyForDeploymentPostprocessing = 0;
		};
		6A613E682665CEAD006EF75B /* Sources */ = {
			isa = PBXSourcesBuildPhase;
			buildActionMask = 2147483647;
			files = (
				6AACD76226671D4E0001F438 /* Printer.cpp in Sources */,
				6A613E782665E59E006EF75B /* Data.cpp in Sources */,
				6A613E752665D442006EF75B /* Person.cpp in Sources */,
				6A613E6F2665CEAD006EF75B /* main.cpp in Sources */,
			);
			runOnlyForDeploymentPostprocessing = 0;
		};
		6A8FDBBC26677840000FFB6A /* Sources */ = {
			isa = PBXSourcesBuildPhase;
			buildActionMask = 2147483647;
			files = (
				6A8FDBC326677840000FFB6A /* main.cpp in Sources */,
				6A8FDBC92667789D000FFB6A /* TV.cpp in Sources */,
				6A8FDBCC26686842000FFB6A /* Remote.cpp in Sources */,
			);
			runOnlyForDeploymentPostprocessing = 0;
		};
		6A8FDBCD266878AE000FFB6A /* Sources */ = {
			isa = PBXSourcesBuildPhase;
			buildActionMask = 2147483647;
			files = (
				6A8FDBD4266878AE000FFB6A /* main.cpp in Sources */,
				6A8FDBDA266878BB000FFB6A /* MyArray.cpp in Sources */,
			);
			runOnlyForDeploymentPostprocessing = 0;
		};
		6A8FDBE62669AE89000FFB6A /* Sources */ = {
			isa = PBXSourcesBuildPhase;
			buildActionMask = 2147483647;
			files = (
				6A8FDBF62669F45B000FFB6A /* Data.cpp in Sources */,
				6A8FDBF32669AE9A000FFB6A /* Person.cpp in Sources */,
				6A8FDBED2669AE89000FFB6A /* main.cpp in Sources */,
			);
			runOnlyForDeploymentPostprocessing = 0;
		};
		6AACD763266723790001F438 /* Sources */ = {
			isa = PBXSourcesBuildPhase;
			buildActionMask = 2147483647;
			files = (
				6A8FDBB8266763A0000FFB6A /* Room.cpp in Sources */,
				6AACD76A266723790001F438 /* main.cpp in Sources */,
				6A8FDBBB2667694D000FFB6A /* GoodGay.cpp in Sources */,
				6AACD7702667238B0001F438 /* Data.cpp in Sources */,
			);
			runOnlyForDeploymentPostprocessing = 0;
		};
/* End PBXSourcesBuildPhase section */

/* Begin XCBuildConfiguration section */
		6A613E5A2664C8D8006EF75B /* Debug */ = {
			isa = XCBuildConfiguration;
			buildSettings = {
				ALWAYS_SEARCH_USER_PATHS = NO;
				CLANG_ANALYZER_NONNULL = YES;
				CLANG_ANALYZER_NUMBER_OBJECT_CONVERSION = YES_AGGRESSIVE;
				CLANG_CXX_LANGUAGE_STANDARD = "gnu++14";
				CLANG_CXX_LIBRARY = "libc++";
				CLANG_ENABLE_MODULES = YES;
				CLANG_ENABLE_OBJC_ARC = YES;
				CLANG_ENABLE_OBJC_WEAK = YES;
				CLANG_WARN_BLOCK_CAPTURE_AUTORELEASING = YES;
				CLANG_WARN_BOOL_CONVERSION = YES;
				CLANG_WARN_COMMA = YES;
				CLANG_WARN_CONSTANT_CONVERSION = YES;
				CLANG_WARN_DEPRECATED_OBJC_IMPLEMENTATIONS = YES;
				CLANG_WARN_DIRECT_OBJC_ISA_USAGE = YES_ERROR;
				CLANG_WARN_DOCUMENTATION_COMMENTS = YES;
				CLANG_WARN_EMPTY_BODY = YES;
				CLANG_WARN_ENUM_CONVERSION = YES;
				CLANG_WARN_INFINITE_RECURSION = YES;
				CLANG_WARN_INT_CONVERSION = YES;
				CLANG_WARN_NON_LITERAL_NULL_CONVERSION = YES;
				CLANG_WARN_OBJC_IMPLICIT_RETAIN_SELF = YES;
				CLANG_WARN_OBJC_LITERAL_CONVERSION = YES;
				CLANG_WARN_OBJC_ROOT_CLASS = YES_ERROR;
				CLANG_WARN_QUOTED_INCLUDE_IN_FRAMEWORK_HEADER = YES;
				CLANG_WARN_RANGE_LOOP_ANALYSIS = YES;
				CLANG_WARN_STRICT_PROTOTYPES = YES;
				CLANG_WARN_SUSPICIOUS_MOVE = YES;
				CLANG_WARN_UNGUARDED_AVAILABILITY = YES_AGGRESSIVE;
				CLANG_WARN_UNREACHABLE_CODE = YES;
				CLANG_WARN__DUPLICATE_METHOD_MATCH = YES;
				COPY_PHASE_STRIP = NO;
				DEBUG_INFORMATION_FORMAT = dwarf;
				ENABLE_STRICT_OBJC_MSGSEND = YES;
				ENABLE_TESTABILITY = YES;
				GCC_C_LANGUAGE_STANDARD = gnu11;
				GCC_DYNAMIC_NO_PIC = NO;
				GCC_NO_COMMON_BLOCKS = YES;
				GCC_OPTIMIZATION_LEVEL = 0;
				GCC_PREPROCESSOR_DEFINITIONS = (
					"DEBUG=1",
					"$(inherited)",
				);
				GCC_WARN_64_TO_32_BIT_CONVERSION = YES;
				GCC_WARN_ABOUT_RETURN_TYPE = YES_ERROR;
				GCC_WARN_UNDECLARED_SELECTOR = YES;
				GCC_WARN_UNINITIALIZED_AUTOS = YES_AGGRESSIVE;
				GCC_WARN_UNUSED_FUNCTION = YES;
				GCC_WARN_UNUSED_VARIABLE = YES;
				MACOSX_DEPLOYMENT_TARGET = 11.3;
				MTL_ENABLE_DEBUG_INFO = INCLUDE_SOURCE;
				MTL_FAST_MATH = YES;
				ONLY_ACTIVE_ARCH = YES;
				SDKROOT = macosx;
			};
			name = Debug;
		};
		6A613E5B2664C8D8006EF75B /* Release */ = {
			isa = XCBuildConfiguration;
			buildSettings = {
				ALWAYS_SEARCH_USER_PATHS = NO;
				CLANG_ANALYZER_NONNULL = YES;
				CLANG_ANALYZER_NUMBER_OBJECT_CONVERSION = YES_AGGRESSIVE;
				CLANG_CXX_LANGUAGE_STANDARD = "gnu++14";
				CLANG_CXX_LIBRARY = "libc++";
				CLANG_ENABLE_MODULES = YES;
				CLANG_ENABLE_OBJC_ARC = YES;
				CLANG_ENABLE_OBJC_WEAK = YES;
				CLANG_WARN_BLOCK_CAPTURE_AUTORELEASING = YES;
				CLANG_WARN_BOOL_CONVERSION = YES;
				CLANG_WARN_COMMA = YES;
				CLANG_WARN_CONSTANT_CONVERSION = YES;
				CLANG_WARN_DEPRECATED_OBJC_IMPLEMENTATIONS = YES;
				CLANG_WARN_DIRECT_OBJC_ISA_USAGE = YES_ERROR;
				CLANG_WARN_DOCUMENTATION_COMMENTS = YES;
				CLANG_WARN_EMPTY_BODY = YES;
				CLANG_WARN_ENUM_CONVERSION = YES;
				CLANG_WARN_INFINITE_RECURSION = YES;
				CLANG_WARN_INT_CONVERSION = YES;
				CLANG_WARN_NON_LITERAL_NULL_CONVERSION = YES;
				CLANG_WARN_OBJC_IMPLICIT_RETAIN_SELF = YES;
				CLANG_WARN_OBJC_LITERAL_CONVERSION = YES;
				CLANG_WARN_OBJC_ROOT_CLASS = YES_ERROR;
				CLANG_WARN_QUOTED_INCLUDE_IN_FRAMEWORK_HEADER = YES;
				CLANG_WARN_RANGE_LOOP_ANALYSIS = YES;
				CLANG_WARN_STRICT_PROTOTYPES = YES;
				CLANG_WARN_SUSPICIOUS_MOVE = YES;
				CLANG_WARN_UNGUARDED_AVAILABILITY = YES_AGGRESSIVE;
				CLANG_WARN_UNREACHABLE_CODE = YES;
				CLANG_WARN__DUPLICATE_METHOD_MATCH = YES;
				COPY_PHASE_STRIP = NO;
				DEBUG_INFORMATION_FORMAT = "dwarf-with-dsym";
				ENABLE_NS_ASSERTIONS = NO;
				ENABLE_STRICT_OBJC_MSGSEND = YES;
				GCC_C_LANGUAGE_STANDARD = gnu11;
				GCC_NO_COMMON_BLOCKS = YES;
				GCC_WARN_64_TO_32_BIT_CONVERSION = YES;
				GCC_WARN_ABOUT_RETURN_TYPE = YES_ERROR;
				GCC_WARN_UNDECLARED_SELECTOR = YES;
				GCC_WARN_UNINITIALIZED_AUTOS = YES_AGGRESSIVE;
				GCC_WARN_UNUSED_FUNCTION = YES;
				GCC_WARN_UNUSED_VARIABLE = YES;
				MACOSX_DEPLOYMENT_TARGET = 11.3;
				MTL_ENABLE_DEBUG_INFO = NO;
				MTL_FAST_MATH = YES;
				SDKROOT = macosx;
			};
			name = Release;
		};
		6A613E5D2664C8D8006EF75B /* Debug */ = {
			isa = XCBuildConfiguration;
			buildSettings = {
				CODE_SIGN_STYLE = Automatic;
				DEVELOPMENT_TEAM = 4XP6U9X87N;
				ENABLE_HARDENED_RUNTIME = YES;
				PRODUCT_NAME = "$(TARGET_NAME)";
			};
			name = Debug;
		};
		6A613E5E2664C8D8006EF75B /* Release */ = {
			isa = XCBuildConfiguration;
			buildSettings = {
				CODE_SIGN_STYLE = Automatic;
				DEVELOPMENT_TEAM = 4XP6U9X87N;
				ENABLE_HARDENED_RUNTIME = YES;
				PRODUCT_NAME = "$(TARGET_NAME)";
			};
			name = Release;
		};
		6A613E712665CEAD006EF75B /* Debug */ = {
			isa = XCBuildConfiguration;
			buildSettings = {
				CODE_SIGN_STYLE = Automatic;
				DEVELOPMENT_TEAM = 4XP6U9X87N;
				ENABLE_HARDENED_RUNTIME = YES;
				PRODUCT_NAME = "$(TARGET_NAME)";
			};
			name = Debug;
		};
		6A613E722665CEAD006EF75B /* Release */ = {
			isa = XCBuildConfiguration;
			buildSettings = {
				CODE_SIGN_STYLE = Automatic;
				DEVELOPMENT_TEAM = 4XP6U9X87N;
				ENABLE_HARDENED_RUNTIME = YES;
				PRODUCT_NAME = "$(TARGET_NAME)";
			};
			name = Release;
		};
		6A8FDBC526677840000FFB6A /* Debug */ = {
			isa = XCBuildConfiguration;
			buildSettings = {
				CODE_SIGN_STYLE = Automatic;
				DEVELOPMENT_TEAM = 4XP6U9X87N;
				ENABLE_HARDENED_RUNTIME = YES;
				PRODUCT_NAME = "$(TARGET_NAME)";
			};
			name = Debug;
		};
		6A8FDBC626677840000FFB6A /* Release */ = {
			isa = XCBuildConfiguration;
			buildSettings = {
				CODE_SIGN_STYLE = Automatic;
				DEVELOPMENT_TEAM = 4XP6U9X87N;
				ENABLE_HARDENED_RUNTIME = YES;
				PRODUCT_NAME = "$(TARGET_NAME)";
			};
			name = Release;
		};
		6A8FDBD6266878AE000FFB6A /* Debug */ = {
			isa = XCBuildConfiguration;
			buildSettings = {
				CODE_SIGN_STYLE = Automatic;
				DEVELOPMENT_TEAM = 4XP6U9X87N;
				ENABLE_HARDENED_RUNTIME = YES;
				PRODUCT_NAME = "$(TARGET_NAME)";
			};
			name = Debug;
		};
		6A8FDBD7266878AE000FFB6A /* Release */ = {
			isa = XCBuildConfiguration;
			buildSettings = {
				CODE_SIGN_STYLE = Automatic;
				DEVELOPMENT_TEAM = 4XP6U9X87N;
				ENABLE_HARDENED_RUNTIME = YES;
				PRODUCT_NAME = "$(TARGET_NAME)";
			};
			name = Release;
		};
		6A8FDBEE2669AE89000FFB6A /* Debug */ = {
			isa = XCBuildConfiguration;
			buildSettings = {
				CODE_SIGN_STYLE = Automatic;
				DEVELOPMENT_TEAM = 4XP6U9X87N;
				ENABLE_HARDENED_RUNTIME = YES;
				PRODUCT_NAME = "$(TARGET_NAME)";
			};
			name = Debug;
		};
		6A8FDBEF2669AE89000FFB6A /* Release */ = {
			isa = XCBuildConfiguration;
			buildSettings = {
				CODE_SIGN_STYLE = Automatic;
				DEVELOPMENT_TEAM = 4XP6U9X87N;
				ENABLE_HARDENED_RUNTIME = YES;
				PRODUCT_NAME = "$(TARGET_NAME)";
			};
			name = Release;
		};
		6AACD76C266723790001F438 /* Debug */ = {
			isa = XCBuildConfiguration;
			buildSettings = {
				CODE_SIGN_STYLE = Automatic;
				DEVELOPMENT_TEAM = 4XP6U9X87N;
				ENABLE_HARDENED_RUNTIME = YES;
				PRODUCT_NAME = "$(TARGET_NAME)";
			};
			name = Debug;
		};
		6AACD76D266723790001F438 /* Release */ = {
			isa = XCBuildConfiguration;
			buildSettings = {
				CODE_SIGN_STYLE = Automatic;
				DEVELOPMENT_TEAM = 4XP6U9X87N;
				ENABLE_HARDENED_RUNTIME = YES;
				PRODUCT_NAME = "$(TARGET_NAME)";
			};
			name = Release;
		};
/* End XCBuildConfiguration section */

/* Begin XCConfigurationList section */
		6A613E502664C8D8006EF75B /* Build configuration list for PBXProject "day_04" */ = {
			isa = XCConfigurationList;
			buildConfigurations = (
				6A613E5A2664C8D8006EF75B /* Debug */,
				6A613E5B2664C8D8006EF75B /* Release */,
			);
			defaultConfigurationIsVisible = 0;
			defaultConfigurationName = Release;
		};
		6A613E5C2664C8D8006EF75B /* Build configuration list for PBXNativeTarget "day_04" */ = {
			isa = XCConfigurationList;
			buildConfigurations = (
				6A613E5D2664C8D8006EF75B /* Debug */,
				6A613E5E2664C8D8006EF75B /* Release */,
			);
			defaultConfigurationIsVisible = 0;
			defaultConfigurationName = Release;
		};
		6A613E702665CEAD006EF75B /* Build configuration list for PBXNativeTarget "day_04_new" */ = {
			isa = XCConfigurationList;
			buildConfigurations = (
				6A613E712665CEAD006EF75B /* Debug */,
				6A613E722665CEAD006EF75B /* Release */,
			);
			defaultConfigurationIsVisible = 0;
			defaultConfigurationName = Release;
		};
		6A8FDBC426677840000FFB6A /* Build configuration list for PBXNativeTarget "sample_tv" */ = {
			isa = XCConfigurationList;
			buildConfigurations = (
				6A8FDBC526677840000FFB6A /* Debug */,
				6A8FDBC626677840000FFB6A /* Release */,
			);
			defaultConfigurationIsVisible = 0;
			defaultConfigurationName = Release;
		};
		6A8FDBD5266878AE000FFB6A /* Build configuration list for PBXNativeTarget "my_array" */ = {
			isa = XCConfigurationList;
			buildConfigurations = (
				6A8FDBD6266878AE000FFB6A /* Debug */,
				6A8FDBD7266878AE000FFB6A /* Release */,
			);
			defaultConfigurationIsVisible = 0;
			defaultConfigurationName = Release;
		};
		6A8FDBF02669AE89000FFB6A /* Build configuration list for PBXNativeTarget "operator" */ = {
			isa = XCConfigurationList;
			buildConfigurations = (
				6A8FDBEE2669AE89000FFB6A /* Debug */,
				6A8FDBEF2669AE89000FFB6A /* Release */,
			);
			defaultConfigurationIsVisible = 0;
			defaultConfigurationName = Release;
		};
		6AACD76B266723790001F438 /* Build configuration list for PBXNativeTarget "this_pointer" */ = {
			isa = XCConfigurationList;
			buildConfigurations = (
				6AACD76C266723790001F438 /* Debug */,
				6AACD76D266723790001F438 /* Release */,
			);
			defaultConfigurationIsVisible = 0;
			defaultConfigurationName = Release;
		};
/* End XCConfigurationList section */
	};
	rootObject = 6A613E4D2664C8D8006EF75B /* Project object */;
}
